
Microsoft Visual Studio Solution File, Format Version 12.00
# Visual Studio Version 17
VisualStudioVersion = 17.5.33326.253
MinimumVisualStudioVersion = 10.0.40219.1
Project("{FAE04EC0-301F-11D3-BF4B-00C04F79EFBC}") = "DetectBoxing", "DetectBoxing\DetectBoxing.csproj", "{C54FDE63-CD7E-4BF6-AA80-59D8AAE1891D}"
EndProject
Global
	GlobalSection(SolutionConfigurationPlatforms) = preSolution
		Debug|Any CPU = Debug|Any CPU
		Release|Any CPU = Release|Any CPU
	EndGlobalSection
	GlobalSection(ProjectConfigurationPlatforms) = postSolution
		{C54FDE63-CD7E-4BF6-AA80-59D8AAE1891D}.Debug|Any CPU.ActiveCfg = Debug|Any CPU
		{C54FDE63-CD7E-4BF6-AA80-59D8AAE1891D}.Debug|Any CPU.Build.0 = Debug|Any CPU
		{C54FDE63-CD7E-4BF6-AA80-59D8AAE1891D}.Release|Any CPU.ActiveCfg = Release|Any CPU
		{C54FDE63-CD7E-4BF6-AA80-59D8AAE1891D}.Release|Any CPU.Build.0 = Release|Any CPU
	EndGlobalSection
	GlobalSection(SolutionProperties) = preSolution
		HideSolutionNode = FALSE
	EndGlobalSection
	GlobalSection(ExtensibilityGlobals) = postSolution
		SolutionGuid = {D2220EE8-2BBD-4813-9DAD-534D2A502A3D}
	EndGlobalSection
EndGlobal
